
Microsoft Visual Studio Solution File, Format Version 12.00
Project("{FAE04EC0-301F-11D3-BF4B-00C04F79EFBC}") = "Ant.Platform", "Ant.Platform\Ant.Platform.csproj", "{D6C602B5-00B6-4D5F-A195-4BFEE7682E14}"
EndProject
Project("{FAE04EC0-301F-11D3-BF4B-00C04F79EFBC}") = "Api.Todos.Tests", "Api.Todos.Tests\Api.Todos.Tests.csproj", "{CEF5B33E-0C56-4B75-9397-B6CA159BC134}"
EndProject
Project("{FAE04EC0-301F-11D3-BF4B-00C04F79EFBC}") = "Api.Todos", "Api.Todos\Api.Todos.csproj", "{4E51E389-4545-4DFE-BCCE-7FF8505955E1}"
EndProject
Project("{FAE04EC0-301F-11D3-BF4B-00C04F79EFBC}") = "Api.Users", "Api.Users\Api.Users.csproj", "{8FAC5021-BD29-4CA8-A1BC-4E732FDA19F9}"
EndProject
Project("{FAE04EC0-301F-11D3-BF4B-00C04F79EFBC}") = "Api.Users.Tests", "Api.Users.Tests\Api.Users.Tests.csproj", "{B0057C06-79D0-49C5-B891-100F268BA08E}"
EndProject
Global
	GlobalSection(SolutionConfigurationPlatforms) = preSolution
		Debug|Any CPU = Debug|Any CPU
		Release|Any CPU = Release|Any CPU
	EndGlobalSection
	GlobalSection(ProjectConfigurationPlatforms) = postSolution
		{D6C602B5-00B6-4D5F-A195-4BFEE7682E14}.Debug|Any CPU.ActiveCfg = Debug|Any CPU
		{D6C602B5-00B6-4D5F-A195-4BFEE7682E14}.Debug|Any CPU.Build.0 = Debug|Any CPU
		{D6C602B5-00B6-4D5F-A195-4BFEE7682E14}.Release|Any CPU.ActiveCfg = Release|Any CPU
		{D6C602B5-00B6-4D5F-A195-4BFEE7682E14}.Release|Any CPU.Build.0 = Release|Any CPU
		{CEF5B33E-0C56-4B75-9397-B6CA159BC134}.Debug|Any CPU.ActiveCfg = Debug|Any CPU
		{CEF5B33E-0C56-4B75-9397-B6CA159BC134}.Debug|Any CPU.Build.0 = Debug|Any CPU
		{CEF5B33E-0C56-4B75-9397-B6CA159BC134}.Release|Any CPU.ActiveCfg = Release|Any CPU
		{CEF5B33E-0C56-4B75-9397-B6CA159BC134}.Release|Any CPU.Build.0 = Release|Any CPU
		{4E51E389-4545-4DFE-BCCE-7FF8505955E1}.Debug|Any CPU.ActiveCfg = Debug|Any CPU
		{4E51E389-4545-4DFE-BCCE-7FF8505955E1}.Debug|Any CPU.Build.0 = Debug|Any CPU
		{4E51E389-4545-4DFE-BCCE-7FF8505955E1}.Release|Any CPU.ActiveCfg = Release|Any CPU
		{4E51E389-4545-4DFE-BCCE-7FF8505955E1}.Release|Any CPU.Build.0 = Release|Any CPU
		{8FAC5021-BD29-4CA8-A1BC-4E732FDA19F9}.Debug|Any CPU.ActiveCfg = Debug|Any CPU
		{8FAC5021-BD29-4CA8-A1BC-4E732FDA19F9}.Debug|Any CPU.Build.0 = Debug|Any CPU
		{8FAC5021-BD29-4CA8-A1BC-4E732FDA19F9}.Release|Any CPU.ActiveCfg = Release|Any CPU
		{8FAC5021-BD29-4CA8-A1BC-4E732FDA19F9}.Release|Any CPU.Build.0 = Release|Any CPU
		{B0057C06-79D0-49C5-B891-100F268BA08E}.Debug|Any CPU.ActiveCfg = Debug|Any CPU
		{B0057C06-79D0-49C5-B891-100F268BA08E}.Debug|Any CPU.Build.0 = Debug|Any CPU
		{B0057C06-79D0-49C5-B891-100F268BA08E}.Release|Any CPU.ActiveCfg = Release|Any CPU
		{B0057C06-79D0-49C5-B891-100F268BA08E}.Release|Any CPU.Build.0 = Release|Any CPU
	EndGlobalSection
EndGlobal
