
Microsoft Visual Studio Solution File, Format Version 12.00
Project("{FAE04EC0-301F-11D3-BF4B-00C04F79EFBC}") = "Ast.Platform", "Ast.Platform\Ast.Platform.csproj", "{D6C602B5-00B6-4D5F-A195-4BFEE7682E14}"
EndProject
Project("{FAE04EC0-301F-11D3-BF4B-00C04F79EFBC}") = "Ast.Todos.Tests", "Ast.Todos.Tests\Ast.Todos.Tests.csproj", "{CEF5B33E-0C56-4B75-9397-B6CA159BC134}"
EndProject
Project("{FAE04EC0-301F-11D3-BF4B-00C04F79EFBC}") = "Ast.Todos", "Ast.Todos\Ast.Todos.csproj", "{4E51E389-4545-4DFE-BCCE-7FF8505955E1}"
EndProject
Global
	GlobalSection(SolutionConfigurationPlatforms) = preSolution
		Debug|Any CPU = Debug|Any CPU
		Release|Any CPU = Release|Any CPU
	EndGlobalSection
	GlobalSection(ProjectConfigurationPlatforms) = postSolution
		{D6C602B5-00B6-4D5F-A195-4BFEE7682E14}.Debug|Any CPU.ActiveCfg = Debug|Any CPU
		{D6C602B5-00B6-4D5F-A195-4BFEE7682E14}.Debug|Any CPU.Build.0 = Debug|Any CPU
		{D6C602B5-00B6-4D5F-A195-4BFEE7682E14}.Release|Any CPU.ActiveCfg = Release|Any CPU
		{D6C602B5-00B6-4D5F-A195-4BFEE7682E14}.Release|Any CPU.Build.0 = Release|Any CPU
		{CEF5B33E-0C56-4B75-9397-B6CA159BC134}.Debug|Any CPU.ActiveCfg = Debug|Any CPU
		{CEF5B33E-0C56-4B75-9397-B6CA159BC134}.Debug|Any CPU.Build.0 = Debug|Any CPU
		{CEF5B33E-0C56-4B75-9397-B6CA159BC134}.Release|Any CPU.ActiveCfg = Release|Any CPU
		{CEF5B33E-0C56-4B75-9397-B6CA159BC134}.Release|Any CPU.Build.0 = Release|Any CPU
		{4E51E389-4545-4DFE-BCCE-7FF8505955E1}.Debug|Any CPU.ActiveCfg = Debug|Any CPU
		{4E51E389-4545-4DFE-BCCE-7FF8505955E1}.Debug|Any CPU.Build.0 = Debug|Any CPU
		{4E51E389-4545-4DFE-BCCE-7FF8505955E1}.Release|Any CPU.ActiveCfg = Release|Any CPU
		{4E51E389-4545-4DFE-BCCE-7FF8505955E1}.Release|Any CPU.Build.0 = Release|Any CPU
	EndGlobalSection
EndGlobal
